{
  "name": "Raiden",
  "lockfileVersion": 3,
  "requires": true,
  "packages": {
    "": {
      "dependencies": {
        "@pixiv/three-vrm-animation": "^3.5.5"
      }
    },
    "node_modules/@pixiv/three-vrm-animation": {
      "version": "3.5.5",
      "resolved": "https://registry.npmjs.org/@pixiv/three-vrm-animation/-/three-vrm-animation-3.5.5.tgz",
      "integrity": "sha512-Q0kEtmftxfv0iCUHQkJH2jAr1zmT9ywYXnAzhxnLPMYCsx0Kken3J3U2GJF9PdGZmLlKpoK0LFEXVdD/L7ZA4Q==",
      "license": "MIT",
      "dependencies": {
        "@pixiv/three-vrm-core": "3.5.5",
        "@pixiv/types-vrmc-vrm-1.0": "3.5.5",
        "@pixiv/types-vrmc-vrm-animation-1.0": "3.5.5"
      },
      "peerDependencies": {
        "three": ">=0.137"
      }
    },
    "node_modules/@pixiv/three-vrm-core": {
      "version": "3.5.5",
      "resolved": "https://registry.npmjs.org/@pixiv/three-vrm-core/-/three-vrm-core-3.5.5.tgz",
      "integrity": "sha512-jjaXZbMVRsk2HAGVxqDLmSJyGOJqbMcJpuTHR1TY/TN1FxiKdAzSqdr/ZUcczYipNf8IL9vDT9NX2XmWj+ybRQ==",
      "license": "MIT",
      "dependencies": {
        "@pixiv/types-vrm-0.0": "3.5.5",
        "@pixiv/types-vrmc-vrm-1.0": "3.5.5"
      },
      "peerDependencies": {
        "three": ">=0.137"
      }
    },
    "node_modules/@pixiv/types-vrm-0.0": {
      "version": "3.5.5",
      "resolved": "https://registry.npmjs.org/@pixiv/types-vrm-0.0/-/types-vrm-0.0-3.5.5.tgz",
      "integrity": "sha512-2S/0jswMjJTwL9ky8YzDR0CIaP6ZmE+HFuyW/0h+SA+awELf+J7WGgC8lTLM1MXzokO7Z2YVljU2F0fEhlKDIQ==",
      "license": "MIT"
    },
    "node_modules/@pixiv/types-vrmc-vrm-1.0": {
      "version": "3.5.5",
      "resolved": "https://registry.npmjs.org/@pixiv/types-vrmc-vrm-1.0/-/types-vrmc-vrm-1.0-3.5.5.tgz",
      "integrity": "sha512-WnemHHo2375BcBdumEhvrupZzsMSzTfdWlokmV9sUX2oC+OAQqJFfBjLF8ppkOhzHpl4MAPJqEfuhBJtNPm9ww==",
      "license": "MIT"
    },
    "node_modules/@pixiv/types-vrmc-vrm-animation-1.0": {
      "version": "3.5.5",
      "resolved": "https://registry.npmjs.org/@pixiv/types-vrmc-vrm-animation-1.0/-/types-vrmc-vrm-animation-1.0-3.5.5.tgz",
      "integrity": "sha512-pyow6wBLdRZbLQbtHqu8uvYG+NXJbwIiLVK6pM6UvtaYotecOv43t6qIdMLYuieV+F+bEJcdfOLFZZVolrOOcQ==",
      "license": "MIT",
      "dependencies": {
        "@pixiv/types-vrmc-vrm-1.0": "3.5.5"
      }
    },
    "node_modules/three": {
      "version": "0.185.1",
      "resolved": "https://registry.npmjs.org/three/-/three-0.185.1.tgz",
      "integrity": "sha512-5aojFCXKwnjBRZvUnt3WFfEcvUJgkN5LlijRFN95hMy8WVkG4I0QNcJE+OuWvuJ0bOdStrbfXn0pkd6/QyiAlg==",
      "license": "MIT",
      "peer": true
    }
  }
}
